
Microsoft Visual Studio Solution File, Format Version 12.00
# Visual Studio 14
VisualStudioVersion = 14.0.23107.0
MinimumVisualStudioVersion = 10.0.40219.1
Project("{FAE04EC0-301F-11D3-BF4B-00C04F79EFBC}") = "ITGame.CLI", "ITGame.CLI\ITGame.CLI.csproj", "{8EB723A8-66F8-4FB2-A718-7C6BBE9AA93B}"
	ProjectSection(ProjectDependencies) = postProject
		{8731B81A-0BE2-4ADF-B273-C8727E72B0D3} = {8731B81A-0BE2-4ADF-B273-C8727E72B0D3}
		{E00E53F4-9C56-4F22-AAD1-C306C51D436F} = {E00E53F4-9C56-4F22-AAD1-C306C51D436F}
	EndProjectSection
EndProject
Project("{FAE04EC0-301F-11D3-BF4B-00C04F79EFBC}") = "ITGame.Models", "ITGame.Models\ITGame.Models.csproj", "{8731B81A-0BE2-4ADF-B273-C8727E72B0D3}"
EndProject
Project("{FAE04EC0-301F-11D3-BF4B-00C04F79EFBC}") = "ITGame.Infrastructure", "ITGame.Infrastructure\ITGame.Infrastructure.csproj", "{E00E53F4-9C56-4F22-AAD1-C306C51D436F}"
EndProject
Project("{FAE04EC0-301F-11D3-BF4B-00C04F79EFBC}") = "ITGame.DBConnector", "ITGame.DBConnector\ITGame.DBConnector.csproj", "{E0DF110D-A412-4ABF-B0C3-AD4053251B70}"
EndProject
Project("{FAE04EC0-301F-11D3-BF4B-00C04F79EFBC}") = "ITGame.DBManager", "ITGame.DBManager\ITGame.DBManager.csproj", "{0CCAB397-FCCB-4A52-B404-500CBB3FA5FD}"
EndProject
Project("{FAE04EC0-301F-11D3-BF4B-00C04F79EFBC}") = "ITGame.Models.Entities", "ITGame.Models.Entities\ITGame.Models.Entities.csproj", "{349C059E-B480-4A36-BB7D-D275852B8E2E}"
EndProject
Project("{FAE04EC0-301F-11D3-BF4B-00C04F79EFBC}") = "ITGame.WebApp.DataManager", "ITGame.WebApp.DataManager\ITGame.WebApp.DataManager.csproj", "{FA4D1A3B-D24A-482E-9367-A450176336DD}"
EndProject
Global
	GlobalSection(SolutionConfigurationPlatforms) = preSolution
		Debug|Any CPU = Debug|Any CPU
		Release|Any CPU = Release|Any CPU
	EndGlobalSection
	GlobalSection(ProjectConfigurationPlatforms) = postSolution
		{8EB723A8-66F8-4FB2-A718-7C6BBE9AA93B}.Debug|Any CPU.ActiveCfg = Debug|Any CPU
		{8EB723A8-66F8-4FB2-A718-7C6BBE9AA93B}.Debug|Any CPU.Build.0 = Debug|Any CPU
		{8EB723A8-66F8-4FB2-A718-7C6BBE9AA93B}.Release|Any CPU.ActiveCfg = Release|Any CPU
		{8EB723A8-66F8-4FB2-A718-7C6BBE9AA93B}.Release|Any CPU.Build.0 = Release|Any CPU
		{8731B81A-0BE2-4ADF-B273-C8727E72B0D3}.Debug|Any CPU.ActiveCfg = Debug|Any CPU
		{8731B81A-0BE2-4ADF-B273-C8727E72B0D3}.Debug|Any CPU.Build.0 = Debug|Any CPU
		{8731B81A-0BE2-4ADF-B273-C8727E72B0D3}.Release|Any CPU.ActiveCfg = Release|Any CPU
		{8731B81A-0BE2-4ADF-B273-C8727E72B0D3}.Release|Any CPU.Build.0 = Release|Any CPU
		{E00E53F4-9C56-4F22-AAD1-C306C51D436F}.Debug|Any CPU.ActiveCfg = Debug|Any CPU
		{E00E53F4-9C56-4F22-AAD1-C306C51D436F}.Debug|Any CPU.Build.0 = Debug|Any CPU
		{E00E53F4-9C56-4F22-AAD1-C306C51D436F}.Release|Any CPU.ActiveCfg = Release|Any CPU
		{E00E53F4-9C56-4F22-AAD1-C306C51D436F}.Release|Any CPU.Build.0 = Release|Any CPU
		{E0DF110D-A412-4ABF-B0C3-AD4053251B70}.Debug|Any CPU.ActiveCfg = Debug|Any CPU
		{E0DF110D-A412-4ABF-B0C3-AD4053251B70}.Debug|Any CPU.Build.0 = Debug|Any CPU
		{E0DF110D-A412-4ABF-B0C3-AD4053251B70}.Release|Any CPU.ActiveCfg = Release|Any CPU
		{E0DF110D-A412-4ABF-B0C3-AD4053251B70}.Release|Any CPU.Build.0 = Release|Any CPU
		{0CCAB397-FCCB-4A52-B404-500CBB3FA5FD}.Debug|Any CPU.ActiveCfg = Debug|Any CPU
		{0CCAB397-FCCB-4A52-B404-500CBB3FA5FD}.Debug|Any CPU.Build.0 = Debug|Any CPU
		{0CCAB397-FCCB-4A52-B404-500CBB3FA5FD}.Release|Any CPU.ActiveCfg = Release|Any CPU
		{0CCAB397-FCCB-4A52-B404-500CBB3FA5FD}.Release|Any CPU.Build.0 = Release|Any CPU
		{349C059E-B480-4A36-BB7D-D275852B8E2E}.Debug|Any CPU.ActiveCfg = Debug|Any CPU
		{349C059E-B480-4A36-BB7D-D275852B8E2E}.Debug|Any CPU.Build.0 = Debug|Any CPU
		{349C059E-B480-4A36-BB7D-D275852B8E2E}.Release|Any CPU.ActiveCfg = Release|Any CPU
		{349C059E-B480-4A36-BB7D-D275852B8E2E}.Release|Any CPU.Build.0 = Release|Any CPU
		{FA4D1A3B-D24A-482E-9367-A450176336DD}.Debug|Any CPU.ActiveCfg = Debug|Any CPU
		{FA4D1A3B-D24A-482E-9367-A450176336DD}.Debug|Any CPU.Build.0 = Debug|Any CPU
		{FA4D1A3B-D24A-482E-9367-A450176336DD}.Release|Any CPU.ActiveCfg = Release|Any CPU
		{FA4D1A3B-D24A-482E-9367-A450176336DD}.Release|Any CPU.Build.0 = Release|Any CPU
	EndGlobalSection
	GlobalSection(SolutionProperties) = preSolution
		HideSolutionNode = FALSE
	EndGlobalSection
EndGlobal
